dependencies:
- name: static
  repository: file://./charts/static
  version: 0.1.0
- name: webapp
  repository: file://./charts/webapp
  version: 0.1.0
- name: redis
  repository: file://./charts/redis
  version: 0.1.0
- name: tasks
  repository: file://./charts/tasks
  version: 0.1.0
digest: sha256:1472b5a9b4e771ba3cbec6c33a082f16bdcc8fc4bdb38ce9758714e06895e20b
generated: "2026-06-23T11:18:09.8184945-07:00"
